// !$*UTF8*$!
{
	archiveVersion = 1;
	classes = {
	};
	objectVersion = 46;
	objects = {

/* Begin PBXBuildFile section */
		AF1D43AB1F5BBA2F00003E61 /* main.m in Sources */ = {isa = PBXBuildFile; fileRef = AF1D43AA1F5BBA2F00003E61 /* main.m */; };
		AF1D43AE1F5BBA2F00003E61 /* AppDelegate.m in Sources */ = {isa = PBXBuildFile; fileRef = AF1D43AD1F5BBA2F00003E61 /* AppDelegate.m */; };
		AF1D43B11F5BBA2F00003E61 /* ViewController.m in Sources */ = {isa = PBXBuildFile; fileRef = AF1D43B01F5BBA2F00003E61 /* ViewController.m */; };
		AF1D43B41F5BBA2F00003E61 /* Main.storyboard in Resources */ = {isa = PBXBuildFile; fileRef = AF1D43B21F5BBA2F00003E61 /* Main.storyboard */; };
		AF1D43B61F5BBA2F00003E61 /* Assets.xcassets in Resources */ = {isa = PBXBuildFile; fileRef = AF1D43B51F5BBA2F00003E61 /* Assets.xcassets */; };
		AF1D43B91F5BBA2F00003E61 /* LaunchScreen.storyboard in Resources */ = {isa = PBXBuildFile; fileRef = AF1D43B71F5BBA2F00003E61 /* LaunchScreen.storyboard */; };
/* End PBXBuildFile section */

/* Begin PBXFileReference section */
		AF1D43A61F5BBA2F00003E61 /* escape-rain.app */ = {isa = PBXFileReference; explicitFileType = wrapper.application; includeInIndex = 0; path = "escape-rain.app"; sourceTree = BUILT_PRODUCTS_DIR; };
		AF1D43AA1F5BBA2F00003E61 /* main.m */ = {isa = PBXFileReference; lastKnownFileType = sourcecode.c.objc; path = main.m; sourceTree = "<group>"; };
		AF1D43AC1F5BBA2F00003E61 /* AppDelegate.h */ = {isa = PBXFileReference; lastKnownFileType = sourcecode.c.h; path = AppDelegate.h; sourceTree = "<group>"; };
		AF1D43AD1F5BBA2F00003E61 /* AppDelegate.m */ = {isa = PBXFileReference; lastKnownFileType = sourcecode.c.objc; path = AppDelegate.m; sourceTree = "<group>"; };
		AF1D43AF1F5BBA2F00003E61 /* ViewController.h */ = {isa = PBXFileReference; lastKnownFileType = sourcecode.c.h; path = ViewController.h; sourceTree = "<group>"; };
		AF1D43B01F5BBA2F00003E61 /* ViewController.m */ = {isa = PBXFileReference; lastKnownFileType = sourcecode.c.objc; path = ViewController.m; sourceTree = "<group>"; };
		AF1D43B31F5BBA2F00003E61 /* Base */ = {isa = PBXFileReference; lastKnownFileType = file.storyboard; name = Base; path = Base.lproj/Main.storyboard; sourceTree = "<group>"; };
		AF1D43B51F5BBA2F00003E61 /* Assets.xcassets */ = {isa = PBXFileReference; lastKnownFileType = folder.assetcatalog; path = Assets.xcassets; sourceTree = "<group>"; };
		AF1D43B81F5BBA2F00003E61 /* Base */ = {isa = PBXFileReference; lastKnownFileType = file.storyboard; name = Base; path = Base.lproj/LaunchScreen.storyboard; sourceTree = "<group>"; };
		AF1D43BA1F5BBA2F00003E61 /* Info.plist */ = {isa = PBXFileReference; lastKnownFileType = text.plist.xml; path = Info.plist; sourceTree = "<group>"; };
/* End PBXFileReference section */

/* Begin PBXFrameworksBuildPhase section */
		AF1D43A31F5BBA2F00003E61 /* Frameworks */ = {
			isa = PBXFrameworksBuildPhase;
			buildActionMask = 2147483647;
			files = (
			);
			runOnlyForDeploymentPostprocessing = 0;
		};
/* End PBXFrameworksBuildPhase section */

/* Begin PBXGroup section */
		AF1D439D1F5BBA2F00003E61 = {
			isa = PBXGroup;
			children = (
				AF1D43A81F5BBA2F00003E61 /* escape-rain */,
				AF1D43A71F5BBA2F00003E61 /* Products */,
			);
			sourceTree = "<group>";
		};
		AF1D43A71F5BBA2F00003E61 /* Products */ = {
			isa = PBXGroup;
			children = (
				AF1D43A61F5BBA2F00003E61 /* escape-rain.app */,
			);
			name = Products;
			sourceTree = "<group>";
		};
		AF1D43A81F5BBA2F00003E61 /* escape-rain */ = {
			isa = PBXGroup;
			children = (
				AF1D43AC1F5BBA2F00003E61 /* AppDelegate.h */,
				AF1D43AD1F5BBA2F00003E61 /* AppDelegate.m */,
				AF1D43AF1F5BBA2F00003E61 /* ViewController.h */,
				AF1D43B01F5BBA2F00003E61 /* ViewController.m */,
				AF1D43B21F5BBA2F00003E61 /* Main.storyboard */,
				AF1D43B51F5BBA2F00003E61 /* Assets.xcassets */,
				AF1D43B71F5BBA2F00003E61 /* LaunchScreen.storyboard */,
				AF1D43BA1F5BBA2F00003E61 /* Info.plist */,
				AF1D43A91F5BBA2F00003E61 /* Supporting Files */,
			);
			path = "escape-rain";
			sourceTree = "<group>";
		};
		AF1D43A91F5BBA2F00003E61 /* Supporting Files */ = {
			isa = PBXGroup;
			children = (
				AF1D43AA1F5BBA2F00003E61 /* main.m */,
			);
			name = "Supporting Files";
			sourceTree = "<group>";
		};
/* End PBXGroup section */

/* Begin PBXNativeTarget section */
		AF1D43A51F5BBA2F00003E61 /* escape-rain */ = {
			isa = PBXNativeTarget;
			buildConfigurationList = AF1D43BD1F5BBA2F00003E61 /* Build configuration list for PBXNativeTarget "escape-rain" */;
			buildPhases = (
				AF1D43A21F5BBA2F00003E61 /* Sources */,
				AF1D43A31F5BBA2F00003E61 /* Frameworks */,
				AF1D43A41F5BBA2F00003E61 /* Resources */,
			);
			buildRules = (
			);
			dependencies = (
			);
			name = "escape-rain";
			productName = "escape-rain";
			productReference = AF1D43A61F5BBA2F00003E61 /* escape-rain.app */;
			productType = "com.apple.product-type.application";
		};
/* End PBXNativeTarget section */

/* Begin PBXProject section */
		AF1D439E1F5BBA2F00003E61 /* Project object */ = {
			isa = PBXProject;
			attributes = {
				LastUpgradeCheck = 0820;
				ORGANIZATIONNAME = JohnnyChen;
				TargetAttributes = {
					AF1D43A51F5BBA2F00003E61 = {
						CreatedOnToolsVersion = 8.2.1;
						DevelopmentTeam = 246G4PEWSD;
						ProvisioningStyle = Automatic;
					};
				};
			};
			buildConfigurationList = AF1D43A11F5BBA2F00003E61 /* Build configuration list for PBXProject "escape-rain" */;
			compatibilityVersion = "Xcode 3.2";
			developmentRegion = English;
			hasScannedForEncodings = 0;
			knownRegions = (
				en,
				Base,
			);
			mainGroup = AF1D439D1F5BBA2F00003E61;
			productRefGroup = AF1D43A71F5BBA2F00003E61 /* Products */;
			projectDirPath = "";
			projectRoot = "";
			targets = (
				AF1D43A51F5BBA2F00003E61 /* escape-rain */,
			);
		};
/* End PBXProject section */

/* Begin PBXResourcesBuildPhase section */
		AF1D43A41F5BBA2F00003E61 /* Resources */ = {
			isa = PBXResourcesBuildPhase;
			buildActionMask = 2147483647;
			files = (
				AF1D43B91F5BBA2F00003E61 /* LaunchScreen.storyboard in Resources */,
				AF1D43B61F5BBA2F00003E61 /* Assets.xcassets in Resources */,
				AF1D43B41F5BBA2F00003E61 /* Main.storyboard in Resources */,
			);
			runOnlyForDeploymentPostprocessing = 0;
		};
/* End PBXResourcesBuildPhase section */

/* Begin PBXSourcesBuildPhase section */
		AF1D43A21F5BBA2F00003E61 /* Sources */ = {
			isa = PBXSourcesBuildPhase;
			buildActionMask = 2147483647;
			files = (
				AF1D43B11F5BBA2F00003E61 /* ViewController.m in Sources */,
				AF1D43AE1F5BBA2F00003E61 /* AppDelegate.m in Sources */,
				AF1D43AB1F5BBA2F00003E61 /* main.m in Sources */,
			);
			runOnlyForDeploymentPostprocessing = 0;
		};
/* End PBXSourcesBuildPhase section */

/* Begin PBXVariantGroup section */
		AF1D43B21F5BBA2F00003E61 /* Main.storyboard */ = {
			isa = PBXVariantGroup;
			children = (
				AF1D43B31F5BBA2F00003E61 /* Base */,
			);
			name = Main.storyboard;
			sourceTree = "<group>";
		};
		AF1D43B71F5BBA2F00003E61 /* LaunchScreen.storyboard */ = {
			isa = PBXVariantGroup;
			children = (
				AF1D43B81F5BBA2F00003E61 /* Base */,
			);
			name = LaunchScreen.storyboard;
			sourceTree = "<group>";
		};
/* End PBXVariantGroup section */

/* Begin XCBuildConfiguration section */
		AF1D43BB1F5BBA2F00003E61 /* Debug */ = {
			isa = XCBuildConfiguration;
			buildSettings = {
				ALWAYS_SEARCH_USER_PATHS = NO;
				CLANG_ANALYZER_NONNULL = YES;
				CLANG_CXX_LANGUAGE_STANDARD = "gnu++0x";
				CLANG_CXX_LIBRARY = "libc++";
				CLANG_ENABLE_MODULES = YES;
				CLANG_ENABLE_OBJC_ARC = YES;
				CLANG_WARN_BOOL_CONVERSION = YES;
				CLANG_WARN_CONSTANT_CONVERSION = YES;
				CLANG_WARN_DIRECT_OBJC_ISA_USAGE = YES_ERROR;
				CLANG_WARN_DOCUMENTATION_COMMENTS = YES;
				CLANG_WARN_EMPTY_BODY = YES;
				CLANG_WARN_ENUM_CONVERSION = YES;
				CLANG_WARN_INFINITE_RECURSION = YES;
				CLANG_WARN_INT_CONVERSION = YES;
				CLANG_WARN_OBJC_ROOT_CLASS = YES_ERROR;
				CLANG_WARN_SUSPICIOUS_MOVE = YES;
				CLANG_WARN_UNREACHABLE_CODE = YES;
				CLANG_WARN__DUPLICATE_METHOD_MATCH = YES;
				"CODE_SIGN_IDENTITY[sdk=iphoneos*]" = "iPhone Developer";
				COPY_PHASE_STRIP = NO;
				DEBUG_INFORMATION_FORMAT = dwarf;
				ENABLE_STRICT_OBJC_MSGSEND = YES;
				ENABLE_TESTABILITY = YES;
				GCC_C_LANGUAGE_STANDARD = gnu99;
				GCC_DYNAMIC_NO_PIC = NO;
				GCC_NO_COMMON_BLOCKS = YES;
				GCC_OPTIMIZATION_LEVEL = 0;
				GCC_PREPROCESSOR_DEFINITIONS = (
					"DEBUG=1",
					"$(inherited)",
				);
				GCC_WARN_64_TO_32_BIT_CONVERSION = YES;
				GCC_WARN_ABOUT_RETURN_TYPE = YES_ERROR;
				GCC_WARN_UNDECLARED_SELECTOR = YES;
				GCC_WARN_UNINITIALIZED_AUTOS = YES_AGGRESSIVE;
				GCC_WARN_UNUSED_FUNCTION = YES;
				GCC_WARN_UNUSED_VARIABLE = YES;
				IPHONEOS_DEPLOYMENT_TARGET = 10.2;
				MTL_ENABLE_DEBUG_INFO = YES;
				ONLY_ACTIVE_ARCH = YES;
				SDKROOT = iphoneos;
			};
			name = Debug;
		};
		AF1D43BC1F5BBA2F00003E61 /* Release */ = {
			isa = XCBuildConfiguration;
			buildSettings = {
				ALWAYS_SEARCH_USER_PATHS = NO;
				CLANG_ANALYZER_NONNULL = YES;
				CLANG_CXX_LANGUAGE_STANDARD = "gnu++0x";
				CLANG_CXX_LIBRARY = "libc++";
				CLANG_ENABLE_MODULES = YES;
				CLANG_ENABLE_OBJC_ARC = YES;
				CLANG_WARN_BOOL_CONVERSION = YES;
				CLANG_WARN_CONSTANT_CONVERSION = YES;
				CLANG_WARN_DIRECT_OBJC_ISA_USAGE = YES_ERROR;
				CLANG_WARN_DOCUMENTATION_COMMENTS = YES;
				CLANG_WARN_EMPTY_BODY = YES;
				CLANG_WARN_ENUM_CONVERSION = YES;
				CLANG_WARN_INFINITE_RECURSION = YES;
				CLANG_WARN_INT_CONVERSION = YES;
				CLANG_WARN_OBJC_ROOT_CLASS = YES_ERROR;
				CLANG_WARN_SUSPICIOUS_MOVE = YES;
				CLANG_WARN_UNREACHABLE_CODE = YES;
				CLANG_WARN__DUPLICATE_METHOD_MATCH = YES;
				"CODE_SIGN_IDENTITY[sdk=iphoneos*]" = "iPhone Developer";
				COPY_PHASE_STRIP = NO;
				DEBUG_INFORMATION_FORMAT = "dwarf-with-dsym";
				ENABLE_NS_ASSERTIONS = NO;
				ENABLE_STRICT_OBJC_MSGSEND = YES;
				GCC_C_LANGUAGE_STANDARD = gnu99;
				GCC_NO_COMMON_BLOCKS = YES;
				GCC_WARN_64_TO_32_BIT_CONVERSION = YES;
				GCC_WARN_ABOUT_RETURN_TYPE = YES_ERROR;
				GCC_WARN_UNDECLARED_SELECTOR = YES;
				GCC_WARN_UNINITIALIZED_AUTOS = YES_AGGRESSIVE;
				GCC_WARN_UNUSED_FUNCTION = YES;
				GCC_WARN_UNUSED_VARIABLE = YES;
				IPHONEOS_DEPLOYMENT_TARGET = 10.2;
				MTL_ENABLE_DEBUG_INFO = NO;
				SDKROOT = iphoneos;
				VALIDATE_PRODUCT = YES;
			};
			name = Release;
		};
		AF1D43BE1F5BBA2F00003E61 /* Debug */ = {
			isa = XCBuildConfiguration;
			buildSettings = {
				ASSETCATALOG_COMPILER_APPICON_NAME = AppIcon;
				DEVELOPMENT_TEAM = 246G4PEWSD;
				INFOPLIST_FILE = "escape-rain/Info.plist";
				LD_RUNPATH_SEARCH_PATHS = "$(inherited) @executable_path/Frameworks";
				PRODUCT_BUNDLE_IDENTIFIER = "JohnnyChen.escape-rain";
				PRODUCT_NAME = "$(TARGET_NAME)";
			};
			name = Debug;
		};
		AF1D43BF1F5BBA2F00003E61 /* Release */ = {
			isa = XCBuildConfiguration;
			buildSettings = {
				ASSETCATALOG_COMPILER_APPICON_NAME = AppIcon;
				DEVELOPMENT_TEAM = 246G4PEWSD;
				INFOPLIST_FILE = "escape-rain/Info.plist";
				LD_RUNPATH_SEARCH_PATHS = "$(inherited) @executable_path/Frameworks";
				PRODUCT_BUNDLE_IDENTIFIER = "JohnnyChen.escape-rain";
				PRODUCT_NAME = "$(TARGET_NAME)";
			};
			name = Release;
		};
/* End XCBuildConfiguration section */

/* Begin XCConfigurationList section */
		AF1D43A11F5BBA2F00003E61 /* Build configuration list for PBXProject "escape-rain" */ = {
			isa = XCConfigurationList;
			buildConfigurations = (
				AF1D43BB1F5BBA2F00003E61 /* Debug */,
				AF1D43BC1F5BBA2F00003E61 /* Release */,
			);
			defaultConfigurationIsVisible = 0;
			defaultConfigurationName = Release;
		};
		AF1D43BD1F5BBA2F00003E61 /* Build configuration list for PBXNativeTarget "escape-rain" */ = {
			isa = XCConfigurationList;
			buildConfigurations = (
				AF1D43BE1F5BBA2F00003E61 /* Debug */,
				AF1D43BF1F5BBA2F00003E61 /* Release */,
			);
			defaultConfigurationIsVisible = 0;
		};
/* End XCConfigurationList section */
	};
	rootObject = AF1D439E1F5BBA2F00003E61 /* Project object */;
}
